{
  "originHash" : "e6fd4f8bb0012c0f2bb97ed1f0e84f55a561f10b8df4c4fd9904a16a9776a58b",
  "pins" : [
    {
      "identity" : "swift-case-paths",
      "kind" : "remoteSourceControl",
      "location" : "https://github.com/pointfreeco/swift-case-paths",
      "state" : {
        "revision" : "6989976265be3f8d2b5802c722f9ba168e227c71",
        "version" : "1.7.2"
      }
    },
    {
      "identity" : "swift-syntax",
      "kind" : "remoteSourceControl",
      "location" : "https://github.com/swiftlang/swift-syntax",
      "state" : {
        "revision" : "4799286537280063c85a32f09884cfbca301b1a1",
        "version" : "602.0.0"
      }
    },
    {
      "identity" : "xctest-dynamic-overlay",
      "kind" : "remoteSourceControl",
      "location" : "https://github.com/pointfreeco/xctest-dynamic-overlay",
      "state" : {
        "revision" : "4c27acf5394b645b70d8ba19dc249c0472d5f618",
        "version" : "1.7.0"
      }
    }
  ],
  "version" : 3
}
